{
  "object": {
    "pins": [
      {
        "package": "BigInt",
        "repositoryURL": "https://github.com/attaswift/BigInt",
        "state": {
          "branch": null,
          "revision": "0ed110f7555c34ff468e72e1686e59721f2b0da6",
          "version": "5.3.0"
        }
      },
      {
        "package": "CryptorECC",
        "repositoryURL": "https://github.com/IBM-Swift/BlueECC.git",
        "state": {
          "branch": null,
          "revision": "baf6ed3fc1a622675f0041b4aff7c02dd1a93818",
          "version": "1.2.200"
        }
      },
      {
        "package": "CryptoSwift",
        "repositoryURL": "https://github.com/krzyzanowskim/CryptoSwift.git",
        "state": {
          "branch": null,
          "revision": "8d4f6384e0a8cc41f2005247241dd553963a492a",
          "version": "1.4.1"
        }
      },
      {
        "package": "FetchNodeDetails",
        "repositoryURL": "https://github.com/torusresearch/fetch-node-details-swift",
        "state": {
          "branch": "feat/oslog",
          "revision": "fea8f6b275b07ae11bf98f3fe30135b75ea90b5c",
          "version": null
        }
      },
      {
        "package": "PMKFoundation",
        "repositoryURL": "https://github.com/PromiseKit/Foundation.git",
        "state": {
          "branch": null,
          "revision": "985f17fa69ee0e5b7eb3ff9be87ffc4e05fc0927",
          "version": "3.4.0"
        }
      },
      {
        "package": "GenericJSON",
        "repositoryURL": "https://github.com/zoul/generic-json-swift",
        "state": {
          "branch": null,
          "revision": "a137894b2a217abe489cdf1ea287e6f7819b1051",
          "version": "2.0.1"
        }
      },
      {
        "package": "jwt-kit",
        "repositoryURL": "https://github.com/vapor/jwt-kit.git",
        "state": {
          "branch": null,
          "revision": "7a9a04df93e71de10fa2e8d6e9430dd0a7924643",
          "version": "4.2.4"
        }
      },
      {
        "package": "secp256k1",
        "repositoryURL": "https://github.com/Boilertalk/secp256k1.swift",
        "state": {
          "branch": null,
          "revision": "823281fe9def21b384099b72a9a53ca988317b20",
          "version": "0.1.4"
        }
      },
      {
        "package": "swift-crypto",
        "repositoryURL": "https://github.com/apple/swift-crypto.git",
        "state": {
          "branch": null,
          "revision": "3bea268b223651c4ab7b7b9ad62ef9b2d4143eb6",
          "version": "1.1.6"
        }
      },
      {
        "package": "BestLogger",
        "repositoryURL": "https://github.com/rathishubham7/swift-logger",
        "state": {
          "branch": null,
          "revision": "e1e2fa0a6ee9f572432835b70f980a8b36449575",
          "version": "0.0.3"
        }
      },
      {
        "package": "web3.swift",
        "repositoryURL": "https://github.com/argentlabs/web3.swift",
        "state": {
          "branch": null,
          "revision": "8205d3f671e0248af7d2e0537664d1a85d1ee11e",
          "version": "0.8.1"
        }
      }
    ]
  },
  "version": 1
}
