{
  "object": {
    "pins": [
      {
        "package": "BigInt",
        "repositoryURL": "https://github.com/attaswift/BigInt.git",
        "state": {
          "branch": null,
          "revision": "889a1ecacd73ccc189c5cb29288048f186c44ed9",
          "version": "5.2.1"
        }
      },
      {
        "package": "CryptorECC",
        "repositoryURL": "https://github.com/IBM-Swift/BlueECC.git",
        "state": {
          "branch": null,
          "revision": "baf6ed3fc1a622675f0041b4aff7c02dd1a93818",
          "version": "1.2.200"
        }
      },
      {
        "package": "CryptoSwift",
        "repositoryURL": "https://github.com/krzyzanowskim/CryptoSwift.git",
        "state": {
          "branch": null,
          "revision": "8d4f6384e0a8cc41f2005247241dd553963a492a",
          "version": "1.4.1"
        }
      },
      {
        "package": "FetchNodeDetails",
        "repositoryURL": "https://github.com/torusresearch/fetch-node-details-swift",
        "state": {
          "branch": "develop",
          "revision": "92c50899f824040b6d22437db91e6b87e88a0605",
          "version": null
        }
      },
      {
        "package": "PMKFoundation",
        "repositoryURL": "https://github.com/PromiseKit/Foundation.git",
        "state": {
          "branch": null,
          "revision": "985f17fa69ee0e5b7eb3ff9be87ffc4e05fc0927",
          "version": "3.4.0"
        }
      },
      {
        "package": "jwt-kit",
        "repositoryURL": "https://github.com/vapor/jwt-kit.git",
        "state": {
          "branch": null,
          "revision": "df7955305940ea0fcd1626a0a6d1a1556623f95e",
          "version": "4.2.3"
        }
      },
      {
        "package": "PromiseKit",
        "repositoryURL": "https://github.com/mxcl/PromiseKit.git",
        "state": {
          "branch": null,
          "revision": "d2f7ba14bcdc45e18f4f60ad9df883fb9055f081",
          "version": "6.15.3"
        }
      },
      {
        "package": "Starscream",
        "repositoryURL": "https://github.com/daltoniam/Starscream.git",
        "state": {
          "branch": null,
          "revision": "e6b65c6d9077ea48b4a7bdda8994a1d3c6969c8d",
          "version": "3.1.1"
        }
      },
      {
        "package": "swift-crypto",
        "repositoryURL": "https://github.com/apple/swift-crypto.git",
        "state": {
          "branch": null,
          "revision": "3bea268b223651c4ab7b7b9ad62ef9b2d4143eb6",
          "version": "1.1.6"
        }
      },
      {
        "package": "BestLogger",
        "repositoryURL": "https://github.com/rathishubham7/swift-logger",
        "state": {
          "branch": null,
          "revision": "e1e2fa0a6ee9f572432835b70f980a8b36449575",
          "version": "0.0.3"
        }
      },
      {
        "package": "swift-nio-zlib-support",
        "repositoryURL": "https://github.com/apple/swift-nio-zlib-support.git",
        "state": {
          "branch": null,
          "revision": "37760e9a52030bb9011972c5213c3350fa9d41fd",
          "version": "1.0.0"
        }
      },
      {
        "package": "Web3swift",
        "repositoryURL": "https://github.com/skywinder/web3swift",
        "state": {
          "branch": "master",
          "revision": "6eddd2c1d9072affd36d236f92a35ad79b6c559d",
          "version": null
        }
      }
    ]
  },
  "version": 1
}
