PODS:
  - BigInt (5.0.0)
  - CryptoSwift (1.0.0)
  - PromiseKit (6.13.1):
    - PromiseKit/CorePromise (= 6.13.1)
    - PromiseKit/Foundation (= 6.13.1)
    - PromiseKit/UIKit (= 6.13.1)
  - PromiseKit/CorePromise (6.13.1)
  - PromiseKit/Foundation (6.13.1):
    - PromiseKit/CorePromise
  - PromiseKit/UIKit (6.13.1):
    - PromiseKit/CorePromise
  - Starscream (3.1.1)
  - Torus-fetchNodeDetails (0.0.13):
    - Torus-web3swift (~> 3.0.2)
  - Torus-utils (0.0.19):
    - PromiseKit/Foundation (~> 6.0)
    - Torus-fetchNodeDetails (~> 0.0.1)
  - Torus-web3swift (3.0.6):
    - BigInt (~> 5.0)
    - CryptoSwift (~> 1.0.0)
    - PromiseKit (~> 6.13.1)
    - Starscream (~> 3.1.0)

DEPENDENCIES:
  - Torus-utils (from `../../`)

SPEC REPOS:
  trunk:
    - BigInt
    - CryptoSwift
    - PromiseKit
    - Starscream
    - Torus-fetchNodeDetails
    - Torus-web3swift

EXTERNAL SOURCES:
  Torus-utils:
    :path: "../../"

SPEC CHECKSUMS:
  BigInt: 74b4d88367b0e819d9f77393549226d36faeb0d8
  CryptoSwift: d81eeaa59dc5a8d03720fe919a6fd07b51f7439f
  PromiseKit: 28fda91c973cc377875d8c0ea4f973013c05b6db
  Starscream: 4bb2f9942274833f7b4d296a55504dcfc7edb7b0
  Torus-fetchNodeDetails: e9d596dc68bd38f05b3c84f15a9890ab480e9f5e
  Torus-utils: 8e4f6154b6e5300925f932aecbc927d01b4d2d8d
  Torus-web3swift: 793aa9b84ce7eaaf8212624db9a01d2bff74b96d

PODFILE CHECKSUM: 2415f5e3cacc76a9b2ae97d67c198fa0edca2187

COCOAPODS: 1.9.3
