PODS:
  - BigInt (5.2.0)
  - curvelib.swift (1.0.0)
  - Torus-fetchNodeDetails (5.2.0):
    - BigInt (~> 5.2.0)
  - Torus-utils (5.0.0):
    - curvelib.swift (~> 1.0.0)
    - Torus-fetchNodeDetails (~> 5.2.0)

DEPENDENCIES:
  - Torus-utils (from `../`)

SPEC REPOS:
  https://github.com/CocoaPods/Specs.git:
    - BigInt
    - Torus-fetchNodeDetails
  https://github.com/metalurgical/podspec:
    - curvelib.swift

EXTERNAL SOURCES:
  Torus-utils:
    :path: "../"

SPEC CHECKSUMS:
  BigInt: f668a80089607f521586bbe29513d708491ef2f7
  curvelib.swift: eb18aab93231777ee546553f4c617dc119d5ab20
  Torus-fetchNodeDetails: aa6b8df4466254200ed002a400f276c2bfdf5466
  Torus-utils: 16059df76c676e017a98ac809325690ae96ce251

PODFILE CHECKSUM: a0fe07b86376ff1e4c07c01b972b2b222c71a8a0

COCOAPODS: 1.13.0
