PODS:
  - BigInt (5.2.0)
  - curvelib.swift (2.0.0)
  - Torus-fetchNodeDetails (8.0.1):
    - BigInt (~> 5.2.0)
  - Torus-utils (10.0.0):
    - curvelib.swift (~> 2.0.0)
    - Torus-fetchNodeDetails (~> 8.0.1)

DEPENDENCIES:
  - Torus-utils (from `../`)

SPEC REPOS:
  https://github.com/CocoaPods/Specs.git:
    - BigInt
    - curvelib.swift
    - Torus-fetchNodeDetails

EXTERNAL SOURCES:
  Torus-utils:
    :path: "../"

SPEC CHECKSUMS:
  BigInt: f668a80089607f521586bbe29513d708491ef2f7
  curvelib.swift: b9223e5cac801effed8a5fe8968e952b3fe427a5
  Torus-fetchNodeDetails: 2a5fbb222ec28af4128d64e4c2d520c7db456b78
  Torus-utils: 4a1db3d9c1aa221df312ffa7ec154e7e4719850a

PODFILE CHECKSUM: 2d35466879f2d32f53c6ccbca958796c381f0e62

COCOAPODS: 1.15.2
